// !$*UTF8*$!
{
	archiveVersion = 1;
	classes = {
	};
	objectVersion = 50;
	objects = {

/* Begin PBXBuildFile section */
		1615482D2556F0A400444B87 /* AppDelegate.swift in Sources */ = {isa = PBXBuildFile; fileRef = 1615482C2556F0A400444B87 /* AppDelegate.swift */; };
		1615482F2556F0A400444B87 /* SceneDelegate.swift in Sources */ = {isa = PBXBuildFile; fileRef = 1615482E2556F0A400444B87 /* SceneDelegate.swift */; };
		161548372556F0A400444B87 /* todo.xcdatamodeld in Sources */ = {isa = PBXBuildFile; fileRef = 161548352556F0A400444B87 /* todo.xcdatamodeld */; };
		161548392556F0A600444B87 /* Assets.xcassets in Resources */ = {isa = PBXBuildFile; fileRef = 161548382556F0A600444B87 /* Assets.xcassets */; };
		1615483C2556F0A600444B87 /* LaunchScreen.storyboard in Resources */ = {isa = PBXBuildFile; fileRef = 1615483A2556F0A600444B87 /* LaunchScreen.storyboard */; };
		161548642556F11E00444B87 /* CoreDataStack.swift in Sources */ = {isa = PBXBuildFile; fileRef = 161548632556F11E00444B87 /* CoreDataStack.swift */; };
		161548792556FE1200444B87 /* UIViewController+Extensions.swift in Sources */ = {isa = PBXBuildFile; fileRef = 161548782556FE1200444B87 /* UIViewController+Extensions.swift */; };
		161548852556FE7100444B87 /* TaskListPresenter.swift in Sources */ = {isa = PBXBuildFile; fileRef = 1615487F2556FE7100444B87 /* TaskListPresenter.swift */; };
		161548872556FE7100444B87 /* TaskListRouter.swift in Sources */ = {isa = PBXBuildFile; fileRef = 161548812556FE7100444B87 /* TaskListRouter.swift */; };
		161548882556FE7100444B87 /* TaskListModels.swift in Sources */ = {isa = PBXBuildFile; fileRef = 161548822556FE7100444B87 /* TaskListModels.swift */; };
		161548892556FE7100444B87 /* TaskListViewController.swift in Sources */ = {isa = PBXBuildFile; fileRef = 161548832556FE7100444B87 /* TaskListViewController.swift */; };
		1615488A2556FE7100444B87 /* TaskListInteractor.swift in Sources */ = {isa = PBXBuildFile; fileRef = 161548842556FE7100444B87 /* TaskListInteractor.swift */; };
		161548982556FE8000444B87 /* TaskEditorViewController.swift in Sources */ = {isa = PBXBuildFile; fileRef = 161548922556FE8000444B87 /* TaskEditorViewController.swift */; };
		1615489F2556FEA300444B87 /* TaskListViewController.xib in Resources */ = {isa = PBXBuildFile; fileRef = 1615489E2556FEA300444B87 /* TaskListViewController.xib */; };
		161548A42556FF6300444B87 /* TaskListDataStore.swift in Sources */ = {isa = PBXBuildFile; fileRef = 161548A32556FF6300444B87 /* TaskListDataStore.swift */; };
		16196BB825574EDF00199F43 /* TaskListTableViewDelegate.swift in Sources */ = {isa = PBXBuildFile; fileRef = 16196BB725574EDF00199F43 /* TaskListTableViewDelegate.swift */; };
		1673774325575C2F00EE2441 /* GlobalTypes.swift in Sources */ = {isa = PBXBuildFile; fileRef = 1673774225575C2F00EE2441 /* GlobalTypes.swift */; };
		167377492557601800EE2441 /* TaskListInteractorTests.swift in Sources */ = {isa = PBXBuildFile; fileRef = 167377482557601800EE2441 /* TaskListInteractorTests.swift */; };
		1673774F2557602400EE2441 /* TaskListPresenterTests.swift in Sources */ = {isa = PBXBuildFile; fileRef = 1673774E2557602400EE2441 /* TaskListPresenterTests.swift */; };
		167377542557605600EE2441 /* MockTaskListDataStore.swift in Sources */ = {isa = PBXBuildFile; fileRef = 167377532557605600EE2441 /* MockTaskListDataStore.swift */; };
		1673775A2557606100EE2441 /* MockTaskListPresenter.swift in Sources */ = {isa = PBXBuildFile; fileRef = 167377592557606100EE2441 /* MockTaskListPresenter.swift */; };
		1673775E2557606C00EE2441 /* MockTaskListDisplayer.swift in Sources */ = {isa = PBXBuildFile; fileRef = 1673775D2557606C00EE2441 /* MockTaskListDisplayer.swift */; };
		1673777D2557698C00EE2441 /* TaskEditorModels.swift in Sources */ = {isa = PBXBuildFile; fileRef = 1673777C2557698C00EE2441 /* TaskEditorModels.swift */; };
		167377832557699600EE2441 /* TaskEditorDataStore.swift in Sources */ = {isa = PBXBuildFile; fileRef = 167377822557699600EE2441 /* TaskEditorDataStore.swift */; };
		167377872557699F00EE2441 /* TaskEditorInteractor.swift in Sources */ = {isa = PBXBuildFile; fileRef = 167377862557699F00EE2441 /* TaskEditorInteractor.swift */; };
		1673778B255769AA00EE2441 /* TaskEditorPresenter.swift in Sources */ = {isa = PBXBuildFile; fileRef = 1673778A255769AA00EE2441 /* TaskEditorPresenter.swift */; };
		1673778F255769B300EE2441 /* TaskEditorRouter.swift in Sources */ = {isa = PBXBuildFile; fileRef = 1673778E255769B300EE2441 /* TaskEditorRouter.swift */; };
		16737797255771A700EE2441 /* TaskEditorInteractorTests.swift in Sources */ = {isa = PBXBuildFile; fileRef = 16737796255771A700EE2441 /* TaskEditorInteractorTests.swift */; };
		1673779D255771B100EE2441 /* TaskEditorPresenterTests.swift in Sources */ = {isa = PBXBuildFile; fileRef = 1673779C255771B100EE2441 /* TaskEditorPresenterTests.swift */; };
		167377A1255771C700EE2441 /* MockTaskListInteractor.swift in Sources */ = {isa = PBXBuildFile; fileRef = 167377A0255771C700EE2441 /* MockTaskListInteractor.swift */; };
		167377A7255771FC00EE2441 /* MockTaskEditorDataStore.swift in Sources */ = {isa = PBXBuildFile; fileRef = 167377A6255771FC00EE2441 /* MockTaskEditorDataStore.swift */; };
		167377AB2557720600EE2441 /* MockTaskEditorInteractor.swift in Sources */ = {isa = PBXBuildFile; fileRef = 167377AA2557720600EE2441 /* MockTaskEditorInteractor.swift */; };
		167377AF2557721400EE2441 /* MockTaskEditorPresenter.swift in Sources */ = {isa = PBXBuildFile; fileRef = 167377AE2557721400EE2441 /* MockTaskEditorPresenter.swift */; };
		167377B32557722100EE2441 /* MockTaskEditorDisplayer.swift in Sources */ = {isa = PBXBuildFile; fileRef = 167377B22557722100EE2441 /* MockTaskEditorDisplayer.swift */; };
		167377B72557FC1200EE2441 /* PersistenceLayer.swift in Sources */ = {isa = PBXBuildFile; fileRef = 167377B62557FC1200EE2441 /* PersistenceLayer.swift */; };
		167377C5255802A700EE2441 /* ServiceLocator.swift in Sources */ = {isa = PBXBuildFile; fileRef = 167377C4255802A700EE2441 /* ServiceLocator.swift */; };
		1673781225580D6100EE2441 /* Task+CoreDataProperties.swift in Sources */ = {isa = PBXBuildFile; fileRef = 1673781025580D6100EE2441 /* Task+CoreDataProperties.swift */; };
		1673781325580D6100EE2441 /* Task+CoreDataClass.swift in Sources */ = {isa = PBXBuildFile; fileRef = 1673781125580D6100EE2441 /* Task+CoreDataClass.swift */; };
		1673781925580E5F00EE2441 /* ItemTableViewCell.swift in Sources */ = {isa = PBXBuildFile; fileRef = 1673781825580E5F00EE2441 /* ItemTableViewCell.swift */; };
		1673781F25580E8200EE2441 /* ItemTableViewCell.xib in Resources */ = {isa = PBXBuildFile; fileRef = 1673781E25580E8200EE2441 /* ItemTableViewCell.xib */; };
		167378252558103200EE2441 /* ItemCellViewModelable.swift in Sources */ = {isa = PBXBuildFile; fileRef = 167378242558103200EE2441 /* ItemCellViewModelable.swift */; };
		1673782D255810F900EE2441 /* UITableViewCell+Extensions.swift in Sources */ = {isa = PBXBuildFile; fileRef = 1673782C255810F900EE2441 /* UITableViewCell+Extensions.swift */; };
		167378312558127100EE2441 /* UIView+Extensions.swift in Sources */ = {isa = PBXBuildFile; fileRef = 167378302558127100EE2441 /* UIView+Extensions.swift */; };
		1673783A2558140400EE2441 /* TaskListEmptyStateView.swift in Sources */ = {isa = PBXBuildFile; fileRef = 167378392558140400EE2441 /* TaskListEmptyStateView.swift */; };
		167378412558142600EE2441 /* TaskListEmptyStateView.xib in Resources */ = {isa = PBXBuildFile; fileRef = 167378402558142600EE2441 /* TaskListEmptyStateView.xib */; };
		1673784625582EC200EE2441 /* MockPersistenceLayer.swift in Sources */ = {isa = PBXBuildFile; fileRef = 1673784525582EC200EE2441 /* MockPersistenceLayer.swift */; };
		16737854255867F200EE2441 /* Task+TaskObjectConformance.swift in Sources */ = {isa = PBXBuildFile; fileRef = 16737853255867F200EE2441 /* Task+TaskObjectConformance.swift */; };
		168AB4EF2557029B00C05DD2 /* TaskEditorViewController.xib in Resources */ = {isa = PBXBuildFile; fileRef = 168AB4EE2557029B00C05DD2 /* TaskEditorViewController.xib */; };
		1691C3392557111B001B40B4 /* TaskListTableViewDataSource.swift in Sources */ = {isa = PBXBuildFile; fileRef = 1691C3382557111B001B40B4 /* TaskListTableViewDataSource.swift */; };
/* End PBXBuildFile section */

/* Begin PBXContainerItemProxy section */
		161548432556F0A600444B87 /* PBXContainerItemProxy */ = {
			isa = PBXContainerItemProxy;
			containerPortal = 161548212556F0A400444B87 /* Project object */;
			proxyType = 1;
			remoteGlobalIDString = 161548282556F0A400444B87;
			remoteInfo = todo;
		};
/* End PBXContainerItemProxy section */

/* Begin PBXFileReference section */
		161548292556F0A400444B87 /* ToDo.app */ = {isa = PBXFileReference; explicitFileType = wrapper.application; includeInIndex = 0; path = ToDo.app; sourceTree = BUILT_PRODUCTS_DIR; };
		1615482C2556F0A400444B87 /* AppDelegate.swift */ = {isa = PBXFileReference; lastKnownFileType = sourcecode.swift; path = AppDelegate.swift; sourceTree = "<group>"; };
		1615482E2556F0A400444B87 /* SceneDelegate.swift */ = {isa = PBXFileReference; lastKnownFileType = sourcecode.swift; path = SceneDelegate.swift; sourceTree = "<group>"; };
		161548362556F0A400444B87 /* todo.xcdatamodel */ = {isa = PBXFileReference; lastKnownFileType = wrapper.xcdatamodel; path = todo.xcdatamodel; sourceTree = "<group>"; };
		161548382556F0A600444B87 /* Assets.xcassets */ = {isa = PBXFileReference; lastKnownFileType = folder.assetcatalog; path = Assets.xcassets; sourceTree = "<group>"; };
		1615483B2556F0A600444B87 /* Base */ = {isa = PBXFileReference; lastKnownFileType = file.storyboard; name = Base; path = Base.lproj/LaunchScreen.storyboard; sourceTree = "<group>"; };
		1615483D2556F0A600444B87 /* Info.plist */ = {isa = PBXFileReference; lastKnownFileType = text.plist.xml; path = Info.plist; sourceTree = "<group>"; };
		161548422556F0A600444B87 /* ToDoTests.xctest */ = {isa = PBXFileReference; explicitFileType = wrapper.cfbundle; includeInIndex = 0; path = ToDoTests.xctest; sourceTree = BUILT_PRODUCTS_DIR; };
		161548482556F0A600444B87 /* Info.plist */ = {isa = PBXFileReference; lastKnownFileType = text.plist.xml; path = Info.plist; sourceTree = "<group>"; };
		161548632556F11E00444B87 /* CoreDataStack.swift */ = {isa = PBXFileReference; lastKnownFileType = sourcecode.swift; path = CoreDataStack.swift; sourceTree = "<group>"; };
		161548782556FE1200444B87 /* UIViewController+Extensions.swift */ = {isa = PBXFileReference; lastKnownFileType = sourcecode.swift; path = "UIViewController+Extensions.swift"; sourceTree = "<group>"; };
		1615487F2556FE7100444B87 /* TaskListPresenter.swift */ = {isa = PBXFileReference; lastKnownFileType = sourcecode.swift; path = TaskListPresenter.swift; sourceTree = "<group>"; };
		161548812556FE7100444B87 /* TaskListRouter.swift */ = {isa = PBXFileReference; lastKnownFileType = sourcecode.swift; path = TaskListRouter.swift; sourceTree = "<group>"; };
		161548822556FE7100444B87 /* TaskListModels.swift */ = {isa = PBXFileReference; lastKnownFileType = sourcecode.swift; path = TaskListModels.swift; sourceTree = "<group>"; };
		161548832556FE7100444B87 /* TaskListViewController.swift */ = {isa = PBXFileReference; lastKnownFileType = sourcecode.swift; path = TaskListViewController.swift; sourceTree = "<group>"; };
		161548842556FE7100444B87 /* TaskListInteractor.swift */ = {isa = PBXFileReference; lastKnownFileType = sourcecode.swift; path = TaskListInteractor.swift; sourceTree = "<group>"; };
		161548922556FE8000444B87 /* TaskEditorViewController.swift */ = {isa = PBXFileReference; lastKnownFileType = sourcecode.swift; path = TaskEditorViewController.swift; sourceTree = "<group>"; };
		1615489E2556FEA300444B87 /* TaskListViewController.xib */ = {isa = PBXFileReference; lastKnownFileType = file.xib; path = TaskListViewController.xib; sourceTree = "<group>"; };
		161548A32556FF6300444B87 /* TaskListDataStore.swift */ = {isa = PBXFileReference; lastKnownFileType = sourcecode.swift; path = TaskListDataStore.swift; sourceTree = "<group>"; };
		16196BB725574EDF00199F43 /* TaskListTableViewDelegate.swift */ = {isa = PBXFileReference; lastKnownFileType = sourcecode.swift; path = TaskListTableViewDelegate.swift; sourceTree = "<group>"; };
		1673774225575C2F00EE2441 /* GlobalTypes.swift */ = {isa = PBXFileReference; lastKnownFileType = sourcecode.swift; path = GlobalTypes.swift; sourceTree = "<group>"; };
		167377482557601800EE2441 /* TaskListInteractorTests.swift */ = {isa = PBXFileReference; lastKnownFileType = sourcecode.swift; path = TaskListInteractorTests.swift; sourceTree = "<group>"; };
		1673774E2557602400EE2441 /* TaskListPresenterTests.swift */ = {isa = PBXFileReference; lastKnownFileType = sourcecode.swift; path = TaskListPresenterTests.swift; sourceTree = "<group>"; };
		167377532557605600EE2441 /* MockTaskListDataStore.swift */ = {isa = PBXFileReference; lastKnownFileType = sourcecode.swift; path = MockTaskListDataStore.swift; sourceTree = "<group>"; };
		167377592557606100EE2441 /* MockTaskListPresenter.swift */ = {isa = PBXFileReference; lastKnownFileType = sourcecode.swift; path = MockTaskListPresenter.swift; sourceTree = "<group>"; };
		1673775D2557606C00EE2441 /* MockTaskListDisplayer.swift */ = {isa = PBXFileReference; lastKnownFileType = sourcecode.swift; path = MockTaskListDisplayer.swift; sourceTree = "<group>"; };
		1673777C2557698C00EE2441 /* TaskEditorModels.swift */ = {isa = PBXFileReference; lastKnownFileType = sourcecode.swift; path = TaskEditorModels.swift; sourceTree = "<group>"; };
		167377822557699600EE2441 /* TaskEditorDataStore.swift */ = {isa = PBXFileReference; lastKnownFileType = sourcecode.swift; path = TaskEditorDataStore.swift; sourceTree = "<group>"; };
		167377862557699F00EE2441 /* TaskEditorInteractor.swift */ = {isa = PBXFileReference; lastKnownFileType = sourcecode.swift; path = TaskEditorInteractor.swift; sourceTree = "<group>"; };
		1673778A255769AA00EE2441 /* TaskEditorPresenter.swift */ = {isa = PBXFileReference; lastKnownFileType = sourcecode.swift; path = TaskEditorPresenter.swift; sourceTree = "<group>"; };
		1673778E255769B300EE2441 /* TaskEditorRouter.swift */ = {isa = PBXFileReference; lastKnownFileType = sourcecode.swift; path = TaskEditorRouter.swift; sourceTree = "<group>"; };
		16737796255771A700EE2441 /* TaskEditorInteractorTests.swift */ = {isa = PBXFileReference; lastKnownFileType = sourcecode.swift; path = TaskEditorInteractorTests.swift; sourceTree = "<group>"; };
		1673779C255771B100EE2441 /* TaskEditorPresenterTests.swift */ = {isa = PBXFileReference; lastKnownFileType = sourcecode.swift; path = TaskEditorPresenterTests.swift; sourceTree = "<group>"; };
		167377A0255771C700EE2441 /* MockTaskListInteractor.swift */ = {isa = PBXFileReference; fileEncoding = 4; lastKnownFileType = sourcecode.swift; path = MockTaskListInteractor.swift; sourceTree = "<group>"; };
		167377A6255771FC00EE2441 /* MockTaskEditorDataStore.swift */ = {isa = PBXFileReference; lastKnownFileType = sourcecode.swift; path = MockTaskEditorDataStore.swift; sourceTree = "<group>"; };
		167377AA2557720600EE2441 /* MockTaskEditorInteractor.swift */ = {isa = PBXFileReference; lastKnownFileType = sourcecode.swift; path = MockTaskEditorInteractor.swift; sourceTree = "<group>"; };
		167377AE2557721400EE2441 /* MockTaskEditorPresenter.swift */ = {isa = PBXFileReference; lastKnownFileType = sourcecode.swift; path = MockTaskEditorPresenter.swift; sourceTree = "<group>"; };
		167377B22557722100EE2441 /* MockTaskEditorDisplayer.swift */ = {isa = PBXFileReference; lastKnownFileType = sourcecode.swift; path = MockTaskEditorDisplayer.swift; sourceTree = "<group>"; };
		167377B62557FC1200EE2441 /* PersistenceLayer.swift */ = {isa = PBXFileReference; lastKnownFileType = sourcecode.swift; path = PersistenceLayer.swift; sourceTree = "<group>"; };
		167377C4255802A700EE2441 /* ServiceLocator.swift */ = {isa = PBXFileReference; lastKnownFileType = sourcecode.swift; path = ServiceLocator.swift; sourceTree = "<group>"; };
		1673781025580D6100EE2441 /* Task+CoreDataProperties.swift */ = {isa = PBXFileReference; fileEncoding = 4; lastKnownFileType = sourcecode.swift; path = "Task+CoreDataProperties.swift"; sourceTree = "<group>"; };
		1673781125580D6100EE2441 /* Task+CoreDataClass.swift */ = {isa = PBXFileReference; fileEncoding = 4; lastKnownFileType = sourcecode.swift; path = "Task+CoreDataClass.swift"; sourceTree = "<group>"; };
		1673781825580E5F00EE2441 /* ItemTableViewCell.swift */ = {isa = PBXFileReference; lastKnownFileType = sourcecode.swift; path = ItemTableViewCell.swift; sourceTree = "<group>"; };
		1673781E25580E8200EE2441 /* ItemTableViewCell.xib */ = {isa = PBXFileReference; lastKnownFileType = file.xib; path = ItemTableViewCell.xib; sourceTree = "<group>"; };
		167378242558103200EE2441 /* ItemCellViewModelable.swift */ = {isa = PBXFileReference; lastKnownFileType = sourcecode.swift; path = ItemCellViewModelable.swift; sourceTree = "<group>"; };
		1673782C255810F900EE2441 /* UITableViewCell+Extensions.swift */ = {isa = PBXFileReference; lastKnownFileType = sourcecode.swift; path = "UITableViewCell+Extensions.swift"; sourceTree = "<group>"; };
		167378302558127100EE2441 /* UIView+Extensions.swift */ = {isa = PBXFileReference; lastKnownFileType = sourcecode.swift; path = "UIView+Extensions.swift"; sourceTree = "<group>"; };
		167378392558140400EE2441 /* TaskListEmptyStateView.swift */ = {isa = PBXFileReference; lastKnownFileType = sourcecode.swift; path = TaskListEmptyStateView.swift; sourceTree = "<group>"; };
		167378402558142600EE2441 /* TaskListEmptyStateView.xib */ = {isa = PBXFileReference; lastKnownFileType = file.xib; path = TaskListEmptyStateView.xib; sourceTree = "<group>"; };
		1673784525582EC200EE2441 /* MockPersistenceLayer.swift */ = {isa = PBXFileReference; lastKnownFileType = sourcecode.swift; path = MockPersistenceLayer.swift; sourceTree = "<group>"; };
		16737853255867F200EE2441 /* Task+TaskObjectConformance.swift */ = {isa = PBXFileReference; lastKnownFileType = sourcecode.swift; path = "Task+TaskObjectConformance.swift"; sourceTree = "<group>"; };
		168AB4EE2557029B00C05DD2 /* TaskEditorViewController.xib */ = {isa = PBXFileReference; lastKnownFileType = file.xib; path = TaskEditorViewController.xib; sourceTree = "<group>"; };
		1691C3382557111B001B40B4 /* TaskListTableViewDataSource.swift */ = {isa = PBXFileReference; lastKnownFileType = sourcecode.swift; path = TaskListTableViewDataSource.swift; sourceTree = "<group>"; };
/* End PBXFileReference section */

/* Begin PBXFrameworksBuildPhase section */
		161548262556F0A400444B87 /* Frameworks */ = {
			isa = PBXFrameworksBuildPhase;
			buildActionMask = 2147483647;
			files = (
			);
			runOnlyForDeploymentPostprocessing = 0;
		};
		1615483F2556F0A600444B87 /* Frameworks */ = {
			isa = PBXFrameworksBuildPhase;
			buildActionMask = 2147483647;
			files = (
			);
			runOnlyForDeploymentPostprocessing = 0;
		};
/* End PBXFrameworksBuildPhase section */

/* Begin PBXGroup section */
		161548202556F0A400444B87 = {
			isa = PBXGroup;
			children = (
				1615482B2556F0A400444B87 /* ToDo */,
				161548452556F0A600444B87 /* ToDoTests */,
				1615482A2556F0A400444B87 /* Products */,
			);
			sourceTree = "<group>";
		};
		1615482A2556F0A400444B87 /* Products */ = {
			isa = PBXGroup;
			children = (
				161548292556F0A400444B87 /* ToDo.app */,
				161548422556F0A600444B87 /* ToDoTests.xctest */,
			);
			name = Products;
			sourceTree = "<group>";
		};
		1615482B2556F0A400444B87 /* ToDo */ = {
			isa = PBXGroup;
			children = (
				161548742556FDCD00444B87 /* Main */,
				161548752556FDE400444B87 /* Scenes */,
				161548762556FDE900444B87 /* Shared */,
				1615483D2556F0A600444B87 /* Info.plist */,
			);
			path = ToDo;
			sourceTree = "<group>";
		};
		161548452556F0A600444B87 /* ToDoTests */ = {
			isa = PBXGroup;
			children = (
				1673784425582EB600EE2441 /* Shared */,
				1673774625575FFD00EE2441 /* Scenes */,
				161548482556F0A600444B87 /* Info.plist */,
			);
			path = ToDoTests;
			sourceTree = "<group>";
		};
		161548622556F10C00444B87 /* PersistenceLayer */ = {
			isa = PBXGroup;
			children = (
				161548352556F0A400444B87 /* todo.xcdatamodeld */,
				167377B62557FC1200EE2441 /* PersistenceLayer.swift */,
				161548632556F11E00444B87 /* CoreDataStack.swift */,
				1673781125580D6100EE2441 /* Task+CoreDataClass.swift */,
				1673781025580D6100EE2441 /* Task+CoreDataProperties.swift */,
				16737853255867F200EE2441 /* Task+TaskObjectConformance.swift */,
			);
			path = PersistenceLayer;
			sourceTree = "<group>";
		};
		161548742556FDCD00444B87 /* Main */ = {
			isa = PBXGroup;
			children = (
				1615482C2556F0A400444B87 /* AppDelegate.swift */,
				1615482E2556F0A400444B87 /* SceneDelegate.swift */,
				161548382556F0A600444B87 /* Assets.xcassets */,
				1615483A2556F0A600444B87 /* LaunchScreen.storyboard */,
			);
			path = Main;
			sourceTree = "<group>";
		};
		161548752556FDE400444B87 /* Scenes */ = {
			isa = PBXGroup;
			children = (
				1615487D2556FE1C00444B87 /* TaskList */,
				1615487E2556FE3800444B87 /* TaskEditor */,
			);
			path = Scenes;
			sourceTree = "<group>";
		};
		161548762556FDE900444B87 /* Shared */ = {
			isa = PBXGroup;
			children = (
				161548772556FDFB00444B87 /* Extensions */,
				161548622556F10C00444B87 /* PersistenceLayer */,
				1673774225575C2F00EE2441 /* GlobalTypes.swift */,
				167377C4255802A700EE2441 /* ServiceLocator.swift */,
			);
			path = Shared;
			sourceTree = "<group>";
		};
		161548772556FDFB00444B87 /* Extensions */ = {
			isa = PBXGroup;
			children = (
				161548782556FE1200444B87 /* UIViewController+Extensions.swift */,
				1673782C255810F900EE2441 /* UITableViewCell+Extensions.swift */,
				167378302558127100EE2441 /* UIView+Extensions.swift */,
			);
			path = Extensions;
			sourceTree = "<group>";
		};
		1615487D2556FE1C00444B87 /* TaskList */ = {
			isa = PBXGroup;
			children = (
				1615489D2556FE8900444B87 /* UI */,
				161548822556FE7100444B87 /* TaskListModels.swift */,
				161548A32556FF6300444B87 /* TaskListDataStore.swift */,
				161548842556FE7100444B87 /* TaskListInteractor.swift */,
				1615487F2556FE7100444B87 /* TaskListPresenter.swift */,
				161548812556FE7100444B87 /* TaskListRouter.swift */,
			);
			path = TaskList;
			sourceTree = "<group>";
		};
		1615487E2556FE3800444B87 /* TaskEditor */ = {
			isa = PBXGroup;
			children = (
				1673777B2557697F00EE2441 /* UI */,
				1673777C2557698C00EE2441 /* TaskEditorModels.swift */,
				167377822557699600EE2441 /* TaskEditorDataStore.swift */,
				167377862557699F00EE2441 /* TaskEditorInteractor.swift */,
				1673778A255769AA00EE2441 /* TaskEditorPresenter.swift */,
				1673778E255769B300EE2441 /* TaskEditorRouter.swift */,
			);
			path = TaskEditor;
			sourceTree = "<group>";
		};
		1615489D2556FE8900444B87 /* UI */ = {
			isa = PBXGroup;
			children = (
				1673783F2558140D00EE2441 /* EmptyStateView */,
				1673781D25580E7000EE2441 /* TableViewCell */,
				167378342558137E00EE2441 /* ViewController */,
				1673781C25580E6600EE2441 /* DataSourceAndDelegate */,
			);
			path = UI;
			sourceTree = "<group>";
		};
		1673774625575FFD00EE2441 /* Scenes */ = {
			isa = PBXGroup;
			children = (
				167377472557600500EE2441 /* TaskList */,
				167377942557718E00EE2441 /* TaskEditor */,
			);
			path = Scenes;
			sourceTree = "<group>";
		};
		167377472557600500EE2441 /* TaskList */ = {
			isa = PBXGroup;
			children = (
				167377522557604400EE2441 /* Mocks */,
				167377482557601800EE2441 /* TaskListInteractorTests.swift */,
				1673774E2557602400EE2441 /* TaskListPresenterTests.swift */,
			);
			path = TaskList;
			sourceTree = "<group>";
		};
		167377522557604400EE2441 /* Mocks */ = {
			isa = PBXGroup;
			children = (
				167377532557605600EE2441 /* MockTaskListDataStore.swift */,
				167377A0255771C700EE2441 /* MockTaskListInteractor.swift */,
				167377592557606100EE2441 /* MockTaskListPresenter.swift */,
				1673775D2557606C00EE2441 /* MockTaskListDisplayer.swift */,
			);
			path = Mocks;
			sourceTree = "<group>";
		};
		1673777B2557697F00EE2441 /* UI */ = {
			isa = PBXGroup;
			children = (
				161548922556FE8000444B87 /* TaskEditorViewController.swift */,
				168AB4EE2557029B00C05DD2 /* TaskEditorViewController.xib */,
			);
			path = UI;
			sourceTree = "<group>";
		};
		167377942557718E00EE2441 /* TaskEditor */ = {
			isa = PBXGroup;
			children = (
				167377952557719900EE2441 /* Mocks */,
				16737796255771A700EE2441 /* TaskEditorInteractorTests.swift */,
				1673779C255771B100EE2441 /* TaskEditorPresenterTests.swift */,
			);
			path = TaskEditor;
			sourceTree = "<group>";
		};
		167377952557719900EE2441 /* Mocks */ = {
			isa = PBXGroup;
			children = (
				167377A6255771FC00EE2441 /* MockTaskEditorDataStore.swift */,
				167377AA2557720600EE2441 /* MockTaskEditorInteractor.swift */,
				167377AE2557721400EE2441 /* MockTaskEditorPresenter.swift */,
				167377B22557722100EE2441 /* MockTaskEditorDisplayer.swift */,
			);
			path = Mocks;
			sourceTree = "<group>";
		};
		1673781C25580E6600EE2441 /* DataSourceAndDelegate */ = {
			isa = PBXGroup;
			children = (
				1691C3382557111B001B40B4 /* TaskListTableViewDataSource.swift */,
				16196BB725574EDF00199F43 /* TaskListTableViewDelegate.swift */,
			);
			path = DataSourceAndDelegate;
			sourceTree = "<group>";
		};
		1673781D25580E7000EE2441 /* TableViewCell */ = {
			isa = PBXGroup;
			children = (
				167378242558103200EE2441 /* ItemCellViewModelable.swift */,
				1673781825580E5F00EE2441 /* ItemTableViewCell.swift */,
				1673781E25580E8200EE2441 /* ItemTableViewCell.xib */,
			);
			path = TableViewCell;
			sourceTree = "<group>";
		};
		167378342558137E00EE2441 /* ViewController */ = {
			isa = PBXGroup;
			children = (
				161548832556FE7100444B87 /* TaskListViewController.swift */,
				1615489E2556FEA300444B87 /* TaskListViewController.xib */,
			);
			path = ViewController;
			sourceTree = "<group>";
		};
		1673783F2558140D00EE2441 /* EmptyStateView */ = {
			isa = PBXGroup;
			children = (
				167378392558140400EE2441 /* TaskListEmptyStateView.swift */,
				167378402558142600EE2441 /* TaskListEmptyStateView.xib */,
			);
			path = EmptyStateView;
			sourceTree = "<group>";
		};
		1673784425582EB600EE2441 /* Shared */ = {
			isa = PBXGroup;
			children = (
				1673784525582EC200EE2441 /* MockPersistenceLayer.swift */,
			);
			path = Shared;
			sourceTree = "<group>";
		};
/* End PBXGroup section */

/* Begin PBXNativeTarget section */
		161548282556F0A400444B87 /* ToDo */ = {
			isa = PBXNativeTarget;
			buildConfigurationList = 161548562556F0A600444B87 /* Build configuration list for PBXNativeTarget "ToDo" */;
			buildPhases = (
				161548252556F0A400444B87 /* Sources */,
				161548262556F0A400444B87 /* Frameworks */,
				161548272556F0A400444B87 /* Resources */,
			);
			buildRules = (
			);
			dependencies = (
			);
			name = ToDo;
			productName = todo;
			productReference = 161548292556F0A400444B87 /* ToDo.app */;
			productType = "com.apple.product-type.application";
		};
		161548412556F0A600444B87 /* ToDoTests */ = {
			isa = PBXNativeTarget;
			buildConfigurationList = 161548592556F0A600444B87 /* Build configuration list for PBXNativeTarget "ToDoTests" */;
			buildPhases = (
				1615483E2556F0A600444B87 /* Sources */,
				1615483F2556F0A600444B87 /* Frameworks */,
				161548402556F0A600444B87 /* Resources */,
			);
			buildRules = (
			);
			dependencies = (
				161548442556F0A600444B87 /* PBXTargetDependency */,
			);
			name = ToDoTests;
			productName = todoTests;
			productReference = 161548422556F0A600444B87 /* ToDoTests.xctest */;
			productType = "com.apple.product-type.bundle.unit-test";
		};
/* End PBXNativeTarget section */

/* Begin PBXProject section */
		161548212556F0A400444B87 /* Project object */ = {
			isa = PBXProject;
			attributes = {
				LastSwiftUpdateCheck = 1210;
				LastUpgradeCheck = 1210;
				TargetAttributes = {
					161548282556F0A400444B87 = {
						CreatedOnToolsVersion = 12.1;
					};
					161548412556F0A600444B87 = {
						CreatedOnToolsVersion = 12.1;
						TestTargetID = 161548282556F0A400444B87;
					};
				};
			};
			buildConfigurationList = 161548242556F0A400444B87 /* Build configuration list for PBXProject "ToDo" */;
			compatibilityVersion = "Xcode 9.3";
			developmentRegion = en;
			hasScannedForEncodings = 0;
			knownRegions = (
				en,
				Base,
			);
			mainGroup = 161548202556F0A400444B87;
			productRefGroup = 1615482A2556F0A400444B87 /* Products */;
			projectDirPath = "";
			projectRoot = "";
			targets = (
				161548282556F0A400444B87 /* ToDo */,
				161548412556F0A600444B87 /* ToDoTests */,
			);
		};
/* End PBXProject section */

/* Begin PBXResourcesBuildPhase section */
		161548272556F0A400444B87 /* Resources */ = {
			isa = PBXResourcesBuildPhase;
			buildActionMask = 2147483647;
			files = (
				1615483C2556F0A600444B87 /* LaunchScreen.storyboard in Resources */,
				167378412558142600EE2441 /* TaskListEmptyStateView.xib in Resources */,
				1615489F2556FEA300444B87 /* TaskListViewController.xib in Resources */,
				168AB4EF2557029B00C05DD2 /* TaskEditorViewController.xib in Resources */,
				161548392556F0A600444B87 /* Assets.xcassets in Resources */,
				1673781F25580E8200EE2441 /* ItemTableViewCell.xib in Resources */,
			);
			runOnlyForDeploymentPostprocessing = 0;
		};
		161548402556F0A600444B87 /* Resources */ = {
			isa = PBXResourcesBuildPhase;
			buildActionMask = 2147483647;
			files = (
			);
			runOnlyForDeploymentPostprocessing = 0;
		};
/* End PBXResourcesBuildPhase section */

/* Begin PBXSourcesBuildPhase section */
		161548252556F0A400444B87 /* Sources */ = {
			isa = PBXSourcesBuildPhase;
			buildActionMask = 2147483647;
			files = (
				1615482D2556F0A400444B87 /* AppDelegate.swift in Sources */,
				167377832557699600EE2441 /* TaskEditorDataStore.swift in Sources */,
				1615488A2556FE7100444B87 /* TaskListInteractor.swift in Sources */,
				161548982556FE8000444B87 /* TaskEditorViewController.swift in Sources */,
				161548882556FE7100444B87 /* TaskListModels.swift in Sources */,
				1615482F2556F0A400444B87 /* SceneDelegate.swift in Sources */,
				167377B72557FC1200EE2441 /* PersistenceLayer.swift in Sources */,
				161548792556FE1200444B87 /* UIViewController+Extensions.swift in Sources */,
				16196BB825574EDF00199F43 /* TaskListTableViewDelegate.swift in Sources */,
				161548642556F11E00444B87 /* CoreDataStack.swift in Sources */,
				1673781325580D6100EE2441 /* Task+CoreDataClass.swift in Sources */,
				1673778F255769B300EE2441 /* TaskEditorRouter.swift in Sources */,
				167377C5255802A700EE2441 /* ServiceLocator.swift in Sources */,
				1691C3392557111B001B40B4 /* TaskListTableViewDataSource.swift in Sources */,
				167378312558127100EE2441 /* UIView+Extensions.swift in Sources */,
				161548372556F0A400444B87 /* todo.xcdatamodeld in Sources */,
				161548852556FE7100444B87 /* TaskListPresenter.swift in Sources */,
				167377872557699F00EE2441 /* TaskEditorInteractor.swift in Sources */,
				1673782D255810F900EE2441 /* UITableViewCell+Extensions.swift in Sources */,
				1673781925580E5F00EE2441 /* ItemTableViewCell.swift in Sources */,
				1673777D2557698C00EE2441 /* TaskEditorModels.swift in Sources */,
				1673774325575C2F00EE2441 /* GlobalTypes.swift in Sources */,
				1673778B255769AA00EE2441 /* TaskEditorPresenter.swift in Sources */,
				161548872556FE7100444B87 /* TaskListRouter.swift in Sources */,
				161548A42556FF6300444B87 /* TaskListDataStore.swift in Sources */,
				167378252558103200EE2441 /* ItemCellViewModelable.swift in Sources */,
				16737854255867F200EE2441 /* Task+TaskObjectConformance.swift in Sources */,
				1673781225580D6100EE2441 /* Task+CoreDataProperties.swift in Sources */,
				161548892556FE7100444B87 /* TaskListViewController.swift in Sources */,
				1673783A2558140400EE2441 /* TaskListEmptyStateView.swift in Sources */,
			);
			runOnlyForDeploymentPostprocessing = 0;
		};
		1615483E2556F0A600444B87 /* Sources */ = {
			isa = PBXSourcesBuildPhase;
			buildActionMask = 2147483647;
			files = (
				1673775E2557606C00EE2441 /* MockTaskListDisplayer.swift in Sources */,
				1673775A2557606100EE2441 /* MockTaskListPresenter.swift in Sources */,
				1673774F2557602400EE2441 /* TaskListPresenterTests.swift in Sources */,
				167377A7255771FC00EE2441 /* MockTaskEditorDataStore.swift in Sources */,
				167377AB2557720600EE2441 /* MockTaskEditorInteractor.swift in Sources */,
				167377B32557722100EE2441 /* MockTaskEditorDisplayer.swift in Sources */,
				167377A1255771C700EE2441 /* MockTaskListInteractor.swift in Sources */,
				1673784625582EC200EE2441 /* MockPersistenceLayer.swift in Sources */,
				167377542557605600EE2441 /* MockTaskListDataStore.swift in Sources */,
				167377492557601800EE2441 /* TaskListInteractorTests.swift in Sources */,
				167377AF2557721400EE2441 /* MockTaskEditorPresenter.swift in Sources */,
				16737797255771A700EE2441 /* TaskEditorInteractorTests.swift in Sources */,
				1673779D255771B100EE2441 /* TaskEditorPresenterTests.swift in Sources */,
			);
			runOnlyForDeploymentPostprocessing = 0;
		};
/* End PBXSourcesBuildPhase section */

/* Begin PBXTargetDependency section */
		161548442556F0A600444B87 /* PBXTargetDependency */ = {
			isa = PBXTargetDependency;
			target = 161548282556F0A400444B87 /* ToDo */;
			targetProxy = 161548432556F0A600444B87 /* PBXContainerItemProxy */;
		};
/* End PBXTargetDependency section */

/* Begin PBXVariantGroup section */
		1615483A2556F0A600444B87 /* LaunchScreen.storyboard */ = {
			isa = PBXVariantGroup;
			children = (
				1615483B2556F0A600444B87 /* Base */,
			);
			name = LaunchScreen.storyboard;
			sourceTree = "<group>";
		};
/* End PBXVariantGroup section */

/* Begin XCBuildConfiguration section */
		161548542556F0A600444B87 /* Debug */ = {
			isa = XCBuildConfiguration;
			buildSettings = {
				ALWAYS_SEARCH_USER_PATHS = NO;
				CLANG_ANALYZER_NONNULL = YES;
				CLANG_ANALYZER_NUMBER_OBJECT_CONVERSION = YES_AGGRESSIVE;
				CLANG_CXX_LANGUAGE_STANDARD = "gnu++14";
				CLANG_CXX_LIBRARY = "libc++";
				CLANG_ENABLE_MODULES = YES;
				CLANG_ENABLE_OBJC_ARC = YES;
				CLANG_ENABLE_OBJC_WEAK = YES;
				CLANG_WARN_BLOCK_CAPTURE_AUTORELEASING = YES;
				CLANG_WARN_BOOL_CONVERSION = YES;
				CLANG_WARN_COMMA = YES;
				CLANG_WARN_CONSTANT_CONVERSION = YES;
				CLANG_WARN_DEPRECATED_OBJC_IMPLEMENTATIONS = YES;
				CLANG_WARN_DIRECT_OBJC_ISA_USAGE = YES_ERROR;
				CLANG_WARN_DOCUMENTATION_COMMENTS = YES;
				CLANG_WARN_EMPTY_BODY = YES;
				CLANG_WARN_ENUM_CONVERSION = YES;
				CLANG_WARN_INFINITE_RECURSION = YES;
				CLANG_WARN_INT_CONVERSION = YES;
				CLANG_WARN_NON_LITERAL_NULL_CONVERSION = YES;
				CLANG_WARN_OBJC_IMPLICIT_RETAIN_SELF = YES;
				CLANG_WARN_OBJC_LITERAL_CONVERSION = YES;
				CLANG_WARN_OBJC_ROOT_CLASS = YES_ERROR;
				CLANG_WARN_QUOTED_INCLUDE_IN_FRAMEWORK_HEADER = YES;
				CLANG_WARN_RANGE_LOOP_ANALYSIS = YES;
				CLANG_WARN_STRICT_PROTOTYPES = YES;
				CLANG_WARN_SUSPICIOUS_MOVE = YES;
				CLANG_WARN_UNGUARDED_AVAILABILITY = YES_AGGRESSIVE;
				CLANG_WARN_UNREACHABLE_CODE = YES;
				CLANG_WARN__DUPLICATE_METHOD_MATCH = YES;
				COPY_PHASE_STRIP = NO;
				DEBUG_INFORMATION_FORMAT = dwarf;
				ENABLE_STRICT_OBJC_MSGSEND = YES;
				ENABLE_TESTABILITY = YES;
				GCC_C_LANGUAGE_STANDARD = gnu11;
				GCC_DYNAMIC_NO_PIC = NO;
				GCC_NO_COMMON_BLOCKS = YES;
				GCC_OPTIMIZATION_LEVEL = 0;
				GCC_PREPROCESSOR_DEFINITIONS = (
					"DEBUG=1",
					"$(inherited)",
				);
				GCC_WARN_64_TO_32_BIT_CONVERSION = YES;
				GCC_WARN_ABOUT_RETURN_TYPE = YES_ERROR;
				GCC_WARN_UNDECLARED_SELECTOR = YES;
				GCC_WARN_UNINITIALIZED_AUTOS = YES_AGGRESSIVE;
				GCC_WARN_UNUSED_FUNCTION = YES;
				GCC_WARN_UNUSED_VARIABLE = YES;
				IPHONEOS_DEPLOYMENT_TARGET = 14.1;
				MTL_ENABLE_DEBUG_INFO = INCLUDE_SOURCE;
				MTL_FAST_MATH = YES;
				ONLY_ACTIVE_ARCH = YES;
				SDKROOT = iphoneos;
				SWIFT_ACTIVE_COMPILATION_CONDITIONS = DEBUG;
				SWIFT_OPTIMIZATION_LEVEL = "-Onone";
			};
			name = Debug;
		};
		161548552556F0A600444B87 /* Release */ = {
			isa = XCBuildConfiguration;
			buildSettings = {
				ALWAYS_SEARCH_USER_PATHS = NO;
				CLANG_ANALYZER_NONNULL = YES;
				CLANG_ANALYZER_NUMBER_OBJECT_CONVERSION = YES_AGGRESSIVE;
				CLANG_CXX_LANGUAGE_STANDARD = "gnu++14";
				CLANG_CXX_LIBRARY = "libc++";
				CLANG_ENABLE_MODULES = YES;
				CLANG_ENABLE_OBJC_ARC = YES;
				CLANG_ENABLE_OBJC_WEAK = YES;
				CLANG_WARN_BLOCK_CAPTURE_AUTORELEASING = YES;
				CLANG_WARN_BOOL_CONVERSION = YES;
				CLANG_WARN_COMMA = YES;
				CLANG_WARN_CONSTANT_CONVERSION = YES;
				CLANG_WARN_DEPRECATED_OBJC_IMPLEMENTATIONS = YES;
				CLANG_WARN_DIRECT_OBJC_ISA_USAGE = YES_ERROR;
				CLANG_WARN_DOCUMENTATION_COMMENTS = YES;
				CLANG_WARN_EMPTY_BODY = YES;
				CLANG_WARN_ENUM_CONVERSION = YES;
				CLANG_WARN_INFINITE_RECURSION = YES;
				CLANG_WARN_INT_CONVERSION = YES;
				CLANG_WARN_NON_LITERAL_NULL_CONVERSION = YES;
				CLANG_WARN_OBJC_IMPLICIT_RETAIN_SELF = YES;
				CLANG_WARN_OBJC_LITERAL_CONVERSION = YES;
				CLANG_WARN_OBJC_ROOT_CLASS = YES_ERROR;
				CLANG_WARN_QUOTED_INCLUDE_IN_FRAMEWORK_HEADER = YES;
				CLANG_WARN_RANGE_LOOP_ANALYSIS = YES;
				CLANG_WARN_STRICT_PROTOTYPES = YES;
				CLANG_WARN_SUSPICIOUS_MOVE = YES;
				CLANG_WARN_UNGUARDED_AVAILABILITY = YES_AGGRESSIVE;
				CLANG_WARN_UNREACHABLE_CODE = YES;
				CLANG_WARN__DUPLICATE_METHOD_MATCH = YES;
				COPY_PHASE_STRIP = NO;
				DEBUG_INFORMATION_FORMAT = "dwarf-with-dsym";
				ENABLE_NS_ASSERTIONS = NO;
				ENABLE_STRICT_OBJC_MSGSEND = YES;
				GCC_C_LANGUAGE_STANDARD = gnu11;
				GCC_NO_COMMON_BLOCKS = YES;
				GCC_WARN_64_TO_32_BIT_CONVERSION = YES;
				GCC_WARN_ABOUT_RETURN_TYPE = YES_ERROR;
				GCC_WARN_UNDECLARED_SELECTOR = YES;
				GCC_WARN_UNINITIALIZED_AUTOS = YES_AGGRESSIVE;
				GCC_WARN_UNUSED_FUNCTION = YES;
				GCC_WARN_UNUSED_VARIABLE = YES;
				IPHONEOS_DEPLOYMENT_TARGET = 14.1;
				MTL_ENABLE_DEBUG_INFO = NO;
				MTL_FAST_MATH = YES;
				SDKROOT = iphoneos;
				SWIFT_COMPILATION_MODE = wholemodule;
				SWIFT_OPTIMIZATION_LEVEL = "-O";
				VALIDATE_PRODUCT = YES;
			};
			name = Release;
		};
		161548572556F0A600444B87 /* Debug */ = {
			isa = XCBuildConfiguration;
			buildSettings = {
				ASSETCATALOG_COMPILER_APPICON_NAME = AppIcon;
				ASSETCATALOG_COMPILER_GLOBAL_ACCENT_COLOR_NAME = AccentColor;
				CODE_SIGN_STYLE = Automatic;
				DEVELOPMENT_TEAM = SC4WC3C495;
				INFOPLIST_FILE = todo/Info.plist;
				LD_RUNPATH_SEARCH_PATHS = (
					"$(inherited)",
					"@executable_path/Frameworks",
				);
				PRODUCT_BUNDLE_IDENTIFIER = com.okhanokbay.todo;
				PRODUCT_NAME = "$(TARGET_NAME)";
				SWIFT_VERSION = 5.0;
				TARGETED_DEVICE_FAMILY = "1,2";
			};
			name = Debug;
		};
		161548582556F0A600444B87 /* Release */ = {
			isa = XCBuildConfiguration;
			buildSettings = {
				ASSETCATALOG_COMPILER_APPICON_NAME = AppIcon;
				ASSETCATALOG_COMPILER_GLOBAL_ACCENT_COLOR_NAME = AccentColor;
				CODE_SIGN_STYLE = Automatic;
				DEVELOPMENT_TEAM = SC4WC3C495;
				INFOPLIST_FILE = todo/Info.plist;
				LD_RUNPATH_SEARCH_PATHS = (
					"$(inherited)",
					"@executable_path/Frameworks",
				);
				PRODUCT_BUNDLE_IDENTIFIER = com.okhanokbay.todo;
				PRODUCT_NAME = "$(TARGET_NAME)";
				SWIFT_VERSION = 5.0;
				TARGETED_DEVICE_FAMILY = "1,2";
			};
			name = Release;
		};
		1615485A2556F0A600444B87 /* Debug */ = {
			isa = XCBuildConfiguration;
			buildSettings = {
				ALWAYS_EMBED_SWIFT_STANDARD_LIBRARIES = YES;
				BUNDLE_LOADER = "$(TEST_HOST)";
				CODE_SIGN_STYLE = Automatic;
				DEVELOPMENT_TEAM = SC4WC3C495;
				INFOPLIST_FILE = todoTests/Info.plist;
				IPHONEOS_DEPLOYMENT_TARGET = 14.1;
				LD_RUNPATH_SEARCH_PATHS = (
					"$(inherited)",
					"@executable_path/Frameworks",
					"@loader_path/Frameworks",
				);
				PRODUCT_BUNDLE_IDENTIFIER = com.okhanokbay.todoTests;
				PRODUCT_NAME = "$(TARGET_NAME)";
				SWIFT_VERSION = 5.0;
				TARGETED_DEVICE_FAMILY = "1,2";
				TEST_HOST = "$(BUILT_PRODUCTS_DIR)/ToDo.app/ToDo";
			};
			name = Debug;
		};
		1615485B2556F0A600444B87 /* Release */ = {
			isa = XCBuildConfiguration;
			buildSettings = {
				ALWAYS_EMBED_SWIFT_STANDARD_LIBRARIES = YES;
				BUNDLE_LOADER = "$(TEST_HOST)";
				CODE_SIGN_STYLE = Automatic;
				DEVELOPMENT_TEAM = SC4WC3C495;
				INFOPLIST_FILE = todoTests/Info.plist;
				IPHONEOS_DEPLOYMENT_TARGET = 14.1;
				LD_RUNPATH_SEARCH_PATHS = (
					"$(inherited)",
					"@executable_path/Frameworks",
					"@loader_path/Frameworks",
				);
				PRODUCT_BUNDLE_IDENTIFIER = com.okhanokbay.todoTests;
				PRODUCT_NAME = "$(TARGET_NAME)";
				SWIFT_VERSION = 5.0;
				TARGETED_DEVICE_FAMILY = "1,2";
				TEST_HOST = "$(BUILT_PRODUCTS_DIR)/ToDo.app/ToDo";
			};
			name = Release;
		};
/* End XCBuildConfiguration section */

/* Begin XCConfigurationList section */
		161548242556F0A400444B87 /* Build configuration list for PBXProject "ToDo" */ = {
			isa = XCConfigurationList;
			buildConfigurations = (
				161548542556F0A600444B87 /* Debug */,
				161548552556F0A600444B87 /* Release */,
			);
			defaultConfigurationIsVisible = 0;
			defaultConfigurationName = Release;
		};
		161548562556F0A600444B87 /* Build configuration list for PBXNativeTarget "ToDo" */ = {
			isa = XCConfigurationList;
			buildConfigurations = (
				161548572556F0A600444B87 /* Debug */,
				161548582556F0A600444B87 /* Release */,
			);
			defaultConfigurationIsVisible = 0;
			defaultConfigurationName = Release;
		};
		161548592556F0A600444B87 /* Build configuration list for PBXNativeTarget "ToDoTests" */ = {
			isa = XCConfigurationList;
			buildConfigurations = (
				1615485A2556F0A600444B87 /* Debug */,
				1615485B2556F0A600444B87 /* Release */,
			);
			defaultConfigurationIsVisible = 0;
			defaultConfigurationName = Release;
		};
/* End XCConfigurationList section */

/* Begin XCVersionGroup section */
		161548352556F0A400444B87 /* todo.xcdatamodeld */ = {
			isa = XCVersionGroup;
			children = (
				161548362556F0A400444B87 /* todo.xcdatamodel */,
			);
			currentVersion = 161548362556F0A400444B87 /* todo.xcdatamodel */;
			path = todo.xcdatamodeld;
			sourceTree = "<group>";
			versionGroupType = wrapper.xcdatamodel;
		};
/* End XCVersionGroup section */
	};
	rootObject = 161548212556F0A400444B87 /* Project object */;
}
